{
  "nodes": {
    "gogol": {
      "flake": false,
      "locked": {
        "lastModified": 1615881825,
        "narHash": "sha256-l/wML5GilN815SzJQr1CDgfywG2Cyn8wn3EFShOILH4=",
        "owner": "brendanhay",
        "repo": "gogol",
        "rev": "797a2672b4652a1764d61a313939a2050ff0ed7f",
        "type": "github"
      },
      "original": {
        "owner": "brendanhay",
        "ref": "develop",
        "repo": "gogol",
        "type": "github"
      }
    },
    "nixpkgs": {
      "locked": {
        "lastModified": 1634252089,
        "narHash": "sha256-cZBDQhqy6HqJ115FqggSTeenY9raKNKXgXibc2+8u1I=",
        "path": "/nix/store/95xkq22jg3cjvcva5ajj99am6m1pcgra-source",
        "rev": "bcf61418b6aead48a9ab56c04a79067aa9b57338",
        "type": "path"
      },
      "original": {
        "id": "nixpkgs",
        "type": "indirect"
      }
    },
    "root": {
      "inputs": {
        "gogol": "gogol",
        "nixpkgs": "nixpkgs",
        "unstable": "unstable"
      }
    },
    "unstable": {
      "locked": {
        "lastModified": 1634402930,
        "narHash": "sha256-5ySB/K89eVzDKomco0e3ZVs0EreXiFI+NgoQo5jSCO8=",
        "owner": "NixOS",
        "repo": "nixpkgs",
        "rev": "79f6b9a339caba7f275bca4895907bb808951094",
        "type": "github"
      },
      "original": {
        "owner": "NixOS",
        "ref": "master",
        "repo": "nixpkgs",
        "type": "github"
      }
    }
  },
  "root": "root",
  "version": 7
}
