{
  "nodes": {
    "bootstrap": {
      "flake": false,
      "locked": {
        "lastModified": 1602603510,
        "narHash": "sha256-wYp5bUPoeTaxa7yCYPpBjuvjrAu1ZIXj6HgZHGMZloY=",
        "owner": "twbs",
        "repo": "bootstrap",
        "rev": "a716fb03f965dc0846df479e14388b1b4b93d7ce",
        "type": "github"
      },
      "original": {
        "owner": "twbs",
        "ref": "v4.5.3",
        "repo": "bootstrap",
        "type": "github"
      }
    },
    "co-log-src": {
      "flake": false,
      "locked": {
        "lastModified": 1605366789,
        "narHash": "sha256-oygb1r+NVAbeweB8X4BvfMCuKAaSMqfhoQWXitGG3F4=",
        "owner": "kowainik",
        "repo": "co-log",
        "rev": "38ebc84de3e937cf3f94570485a064837d537b18",
        "type": "github"
      },
      "original": {
        "owner": "kowainik",
        "ref": "main",
        "repo": "co-log",
        "type": "github"
      }
    },
    "generic-lens": {
      "flake": false,
      "locked": {
        "lastModified": 1611593235,
        "narHash": "sha256-gLhfvqLUwt9R/QxVjP8IwEQiFtSh2OvYESA5hJ41n5M=",
        "owner": "kcsongor",
        "repo": "generic-lens",
        "rev": "a9a6fc3fe9c9a9cc79d31448db118413d9ca885e",
        "type": "github"
      },
      "original": {
        "owner": "kcsongor",
        "ref": "2.1.0.0",
        "repo": "generic-lens",
        "type": "github"
      }
    },
    "gogol": {
      "flake": false,
      "locked": {
        "lastModified": 1591344750,
        "narHash": "sha256-DSTUwOmOHtfHCvEfFrnFKra/wqCoZ4rQoEsDTAjK8/4=",
        "owner": "brendanhay",
        "repo": "gogol",
        "rev": "d7c7d71fc985cd96fb5f05173da6c607da362b74",
        "type": "github"
      },
      "original": {
        "owner": "brendanhay",
        "ref": "develop",
        "repo": "gogol",
        "type": "github"
      }
    },
    "higgledy": {
      "flake": false,
      "locked": {
        "lastModified": 1612260928,
        "narHash": "sha256-Aeh+eQ14VCas3WFgwt9kLcNozCh3CNyttwZYHBTVgqo=",
        "owner": "i-am-tom",
        "repo": "higgledy",
        "rev": "74848cfe2af6f2021d92fc19e182973122d547e9",
        "type": "github"
      },
      "original": {
        "owner": "i-am-tom",
        "ref": "master",
        "repo": "higgledy",
        "type": "github"
      }
    },
    "in-other-words": {
      "flake": false,
      "locked": {
        "lastModified": 1610614790,
        "narHash": "sha256-OHyYWzzIwpZvUyEo/ESTUucY7pg9HnjXfJAJOSDlDAw=",
        "owner": "KingoftheHomeless",
        "repo": "in-other-words",
        "rev": "1fc2372891c8356fe5d51fbccc202bfcbaae1dec",
        "type": "github"
      },
      "original": {
        "owner": "KingoftheHomeless",
        "ref": "master",
        "repo": "in-other-words",
        "type": "github"
      }
    },
    "nixpkgs": {
      "locked": {
        "lastModified": 1610719054,
        "narHash": "sha256-5GJCRLNMflVyYaKUlDgemCiqhw/hRXNJFzUXJ2garp4=",
        "owner": "NixOS",
        "repo": "nixpkgs",
        "rev": "17631db07caeb9cfb6acefd6a91cdd995b5b3f3f",
        "type": "github"
      },
      "original": {
        "owner": "NixOS",
        "ref": "master",
        "repo": "nixpkgs",
        "type": "github"
      }
    },
    "root": {
      "inputs": {
        "bootstrap": "bootstrap",
        "co-log-src": "co-log-src",
        "generic-lens": "generic-lens",
        "gogol": "gogol",
        "higgledy": "higgledy",
        "in-other-words": "in-other-words",
        "nixpkgs": "nixpkgs",
        "typerep-map": "typerep-map"
      }
    },
    "typerep-map": {
      "flake": false,
      "locked": {
        "lastModified": 1604683429,
        "narHash": "sha256-MbKkoGB4CY9bEbyRGdb6ED6y3+6y2iymY98hY3D6OwU=",
        "owner": "kowainik",
        "repo": "typerep-map",
        "rev": "3d0473e5fc0b96fd4eb1ffdc6438b3c0a23c3bc9",
        "type": "github"
      },
      "original": {
        "owner": "kowainik",
        "ref": "main",
        "repo": "typerep-map",
        "type": "github"
      }
    }
  },
  "root": "root",
  "version": 7
}
