{
  "nodes": {
    "gogol": {
      "flake": false,
      "locked": {
        "lastModified": 1615881825,
        "narHash": "sha256-l/wML5GilN815SzJQr1CDgfywG2Cyn8wn3EFShOILH4=",
        "owner": "brendanhay",
        "repo": "gogol",
        "rev": "797a2672b4652a1764d61a313939a2050ff0ed7f",
        "type": "github"
      },
      "original": {
        "owner": "brendanhay",
        "ref": "develop",
        "repo": "gogol",
        "type": "github"
      }
    },
    "migrate": {
      "flake": false,
      "locked": {
        "lastModified": 1637000941,
        "narHash": "sha256-xugkSBPxr9cAI0LhA2ZATCngvD9UQHHUkKBQbhokgu0=",
        "owner": "graphile",
        "repo": "migrate",
        "rev": "7478ffa4d7101f155e3f14d5be4e4f94bf60c7d6",
        "type": "github"
      },
      "original": {
        "owner": "graphile",
        "ref": "main",
        "repo": "migrate",
        "type": "github"
      }
    },
    "nixpkgs": {
      "locked": {
        "lastModified": 1646651580,
        "narHash": "sha256-iTTFMAafwj+iX9v5lPA5oF9NcJ36idT/Boh9X9x5buM=",
        "path": "/nix/store/xdifcm490002nqmis1xgk05bq3ciay6n-source",
        "rev": "17ee68bc368e175369258b97316328d6bca11d3b",
        "type": "path"
      },
      "original": {
        "id": "nixpkgs",
        "type": "indirect"
      }
    },
    "root": {
      "inputs": {
        "gogol": "gogol",
        "migrate": "migrate",
        "nixpkgs": "nixpkgs"
      }
    }
  },
  "root": "root",
  "version": 7
}
